
Microsoft Visual Studio Solution File, Format Version 12.00
# Visual Studio Version 16
VisualStudioVersion = 16.0.30717.126
MinimumVisualStudioVersion = 10.0.40219.1
Project("{2150E333-8FDC-42A3-9474-1A3956D46DE8}") = "src", "src", "{34E057F7-66C2-463B-8ED0-2A643A8EE1B1}"
EndProject
Project("{2150E333-8FDC-42A3-9474-1A3956D46DE8}") = "tests", "tests", "{70354DD9-0BC1-4464-9C49-3362DE875184}"
EndProject
Project("{FAE04EC0-301F-11D3-BF4B-00C04F79EFBC}") = "Vein.DateTimeToolbox", "src\Vein.DateTimeToolbox\Vein.DateTimeToolbox.csproj", "{BC9EEF2E-027B-4DB3-9BCC-3E2029CA78F2}"
EndProject
Project("{FAE04EC0-301F-11D3-BF4B-00C04F79EFBC}") = "Vein.DateTimeToolbox.Tests", "tests\Vein.DateTimeToolbox.Tests\Vein.DateTimeToolbox.Tests.csproj", "{8F5F6538-5D23-44BB-BB50-F6F9F539D242}"
EndProject
Global
	GlobalSection(SolutionConfigurationPlatforms) = preSolution
		Debug|Any CPU = Debug|Any CPU
		Release|Any CPU = Release|Any CPU
	EndGlobalSection
	GlobalSection(ProjectConfigurationPlatforms) = postSolution
		{BC9EEF2E-027B-4DB3-9BCC-3E2029CA78F2}.Debug|Any CPU.ActiveCfg = Debug|Any CPU
		{BC9EEF2E-027B-4DB3-9BCC-3E2029CA78F2}.Debug|Any CPU.Build.0 = Debug|Any CPU
		{BC9EEF2E-027B-4DB3-9BCC-3E2029CA78F2}.Release|Any CPU.ActiveCfg = Release|Any CPU
		{BC9EEF2E-027B-4DB3-9BCC-3E2029CA78F2}.Release|Any CPU.Build.0 = Release|Any CPU
		{8F5F6538-5D23-44BB-BB50-F6F9F539D242}.Debug|Any CPU.ActiveCfg = Debug|Any CPU
		{8F5F6538-5D23-44BB-BB50-F6F9F539D242}.Debug|Any CPU.Build.0 = Debug|Any CPU
		{8F5F6538-5D23-44BB-BB50-F6F9F539D242}.Release|Any CPU.ActiveCfg = Release|Any CPU
		{8F5F6538-5D23-44BB-BB50-F6F9F539D242}.Release|Any CPU.Build.0 = Release|Any CPU
	EndGlobalSection
	GlobalSection(SolutionProperties) = preSolution
		HideSolutionNode = FALSE
	EndGlobalSection
	GlobalSection(NestedProjects) = preSolution
		{BC9EEF2E-027B-4DB3-9BCC-3E2029CA78F2} = {34E057F7-66C2-463B-8ED0-2A643A8EE1B1}
		{8F5F6538-5D23-44BB-BB50-F6F9F539D242} = {70354DD9-0BC1-4464-9C49-3362DE875184}
	EndGlobalSection
	GlobalSection(ExtensibilityGlobals) = postSolution
		SolutionGuid = {20BCEFBC-F744-4B7C-B867-FEF11891101C}
	EndGlobalSection
EndGlobal
